
Microsoft Visual Studio Solution File, Format Version 12.00
# Visual Studio Version 17
VisualStudioVersion = 17.0.31903.59
MinimumVisualStudioVersion = 10.0.40219.1
Project("{2150E333-8FDC-42A3-9474-1A3956D46DE8}") = "cs_to_cs", "cs_to_cs", "{E3A42FB7-91BB-44A8-BB6F-A1FD7D3C7F43}"
EndProject
Project("{FAE04EC0-301F-11D3-BF4B-00C04F79EFBC}") = "App", "cs_to_cs\App\App.csproj", "{8905BF9E-555D-49DD-A09F-0AADB6570171}"
EndProject
Global
	GlobalSection(SolutionConfigurationPlatforms) = preSolution
		Debug|Any CPU = Debug|Any CPU
		Release|Any CPU = Release|Any CPU
	EndGlobalSection
	GlobalSection(SolutionProperties) = preSolution
		HideSolutionNode = FALSE
	EndGlobalSection
	GlobalSection(ProjectConfigurationPlatforms) = postSolution
		{8905BF9E-555D-49DD-A09F-0AADB6570171}.Debug|Any CPU.ActiveCfg = Debug|Any CPU
		{8905BF9E-555D-49DD-A09F-0AADB6570171}.Debug|Any CPU.Build.0 = Debug|Any CPU
		{8905BF9E-555D-49DD-A09F-0AADB6570171}.Release|Any CPU.ActiveCfg = Release|Any CPU
		{8905BF9E-555D-49DD-A09F-0AADB6570171}.Release|Any CPU.Build.0 = Release|Any CPU
	EndGlobalSection
	GlobalSection(NestedProjects) = preSolution
		{8905BF9E-555D-49DD-A09F-0AADB6570171} = {E3A42FB7-91BB-44A8-BB6F-A1FD7D3C7F43}
	EndGlobalSection
EndGlobal
